
Microsoft Visual Studio Solution File, Format Version 12.00
# Visual Studio Version 17
VisualStudioVersion = 17.1.32328.378
MinimumVisualStudioVersion = 10.0.40219.1
Project("{FAE04EC0-301F-11D3-BF4B-00C04F79EFBC}") = "06042022", "06042022\06042022.csproj", "{BA09A3CE-5648-4F7B-BF6C-6A507CFADA8F}"
EndProject
Project("{FAE04EC0-301F-11D3-BF4B-00C04F79EFBC}") = "Utils", "Utils\Utils.csproj", "{5FC509BC-6083-472E-8FD5-F9062B4ED7E7}"
EndProject
Project("{FAE04EC0-301F-11D3-BF4B-00C04F79EFBC}") = "Entities", "Entities\Entities.csproj", "{B7F3FB18-AB14-4B2B-B971-2FF04468882A}"
EndProject
Global
	GlobalSection(SolutionConfigurationPlatforms) = preSolution
		Debug|Any CPU = Debug|Any CPU
		Release|Any CPU = Release|Any CPU
	EndGlobalSection
	GlobalSection(ProjectConfigurationPlatforms) = postSolution
		{BA09A3CE-5648-4F7B-BF6C-6A507CFADA8F}.Debug|Any CPU.ActiveCfg = Debug|Any CPU
		{BA09A3CE-5648-4F7B-BF6C-6A507CFADA8F}.Debug|Any CPU.Build.0 = Debug|Any CPU
		{BA09A3CE-5648-4F7B-BF6C-6A507CFADA8F}.Release|Any CPU.ActiveCfg = Release|Any CPU
		{BA09A3CE-5648-4F7B-BF6C-6A507CFADA8F}.Release|Any CPU.Build.0 = Release|Any CPU
		{5FC509BC-6083-472E-8FD5-F9062B4ED7E7}.Debug|Any CPU.ActiveCfg = Debug|Any CPU
		{5FC509BC-6083-472E-8FD5-F9062B4ED7E7}.Debug|Any CPU.Build.0 = Debug|Any CPU
		{5FC509BC-6083-472E-8FD5-F9062B4ED7E7}.Release|Any CPU.ActiveCfg = Release|Any CPU
		{5FC509BC-6083-472E-8FD5-F9062B4ED7E7}.Release|Any CPU.Build.0 = Release|Any CPU
		{B7F3FB18-AB14-4B2B-B971-2FF04468882A}.Debug|Any CPU.ActiveCfg = Debug|Any CPU
		{B7F3FB18-AB14-4B2B-B971-2FF04468882A}.Debug|Any CPU.Build.0 = Debug|Any CPU
		{B7F3FB18-AB14-4B2B-B971-2FF04468882A}.Release|Any CPU.ActiveCfg = Release|Any CPU
		{B7F3FB18-AB14-4B2B-B971-2FF04468882A}.Release|Any CPU.Build.0 = Release|Any CPU
	EndGlobalSection
	GlobalSection(SolutionProperties) = preSolution
		HideSolutionNode = FALSE
	EndGlobalSection
	GlobalSection(ExtensibilityGlobals) = postSolution
		SolutionGuid = {5EEACA07-050C-402F-99FA-862B139E8275}
	EndGlobalSection
EndGlobal
